# THIS IS AN AUTOGENERATED FILE. DO NOT EDIT THIS FILE DIRECTLY.
# yarn lockfile v1


asn1@^0.2.4:
  version "0.2.6"
  resolved "https://registry.npmmirror.com/asn1/-/asn1-0.2.6.tgz#0d3a7bb6e64e02a90c0303b31f292868ea09a08d"
  integrity sha512-ix/FxPn0MDjeyJ7i/yoHGFt/EX6LyNbxSEhPPXODPL+KB0VPk86UYfL0lMdy+KCnv+fmvIzySwaK5COwqVbWTQ==
  dependencies:
    safer-buffer "~2.1.0"

bcrypt-pbkdf@^1.0.2:
  version "1.0.2"
  resolved "https://registry.npmmirror.com/bcrypt-pbkdf/-/bcrypt-pbkdf-1.0.2.tgz#a4301d389b6a43f9b67ff3ca11a3f6637e360e9e"
  integrity sha512-qeFIXtP4MSoi6NLqO12WfqARWWuCKi2Rn/9hJLEmtB5yTNr9DqFWkJRCf2qShWzPeAMRnOgCrq0sg/KLv5ES9w==
  dependencies:
    tweetnacl "^0.14.3"

buildcheck@0.0.3:
  version "0.0.3"
  resolved "https://registry.npmmirror.com/buildcheck/-/buildcheck-0.0.3.tgz#70451897a95d80f7807e68fc412eb2e7e35ff4d5"
  integrity sha512-pziaA+p/wdVImfcbsZLNF32EiWyujlQLwolMqUQE8xpKNOH7KmZQaY8sXN7DGOEzPAElo9QTaeNRfGnf3iOJbA==

cpu-features@~0.0.4:
  version "0.0.4"
  resolved "https://registry.npmmirror.com/cpu-features/-/cpu-features-0.0.4.tgz#0023475bb4f4c525869c162e4108099e35bf19d8"
  integrity sha512-fKiZ/zp1mUwQbnzb9IghXtHtDoTMtNeb8oYGx6kX2SYfhnG0HNdBEBIzB9b5KlXu5DQPhfy3mInbBxFcgwAr3A==
  dependencies:
    buildcheck "0.0.3"
    nan "^2.15.0"

nan@^2.15.0, nan@^2.16.0:
  version "2.16.0"
  resolved "https://registry.npmmirror.com/nan/-/nan-2.16.0.tgz#664f43e45460fb98faf00edca0bb0d7b8dce7916"
  integrity sha512-UdAqHyFngu7TfQKsCBgAA6pWDkT8MAO7d0jyOecVhN5354xbLqdn8mV9Tat9gepAupm0bt2DbeaSC8vS52MuFA==

node-scp@^0.0.21:
  version "0.0.21"
  resolved "https://registry.yarnpkg.com/node-scp/-/node-scp-0.0.21.tgz#1325166b0d266efd3ecf824614f1c7a74cc1cc3f"
  integrity sha512-uq91uDisb/XAk+uz7yXHbJyH6/e7QnWscfQtfU86mTWwAkiWTw26AdyjvZK2962PENDUlTKdicZxdQGcEiL2vw==
  dependencies:
    ssh2 "^1.11.0"

safer-buffer@~2.1.0:
  version "2.1.2"
  resolved "https://registry.npmmirror.com/safer-buffer/-/safer-buffer-2.1.2.tgz#44fa161b0187b9549dd84bb91802f9bd8385cd6a"
  integrity sha512-YZo3K82SD7Riyi0E1EQPojLz7kpepnSQI9IyPbHHg1XXXevb5dJI7tpyN2ADxGcQbHG7vcyRHk0cbwqcQriUtg==

ssh2@^1.11.0:
  version "1.11.0"
  resolved "https://registry.npmmirror.com/ssh2/-/ssh2-1.11.0.tgz#ce60186216971e12f6deb553dcf82322498fe2e4"
  integrity sha512-nfg0wZWGSsfUe/IBJkXVll3PEZ//YH2guww+mP88gTpuSU4FtZN7zu9JoeTGOyCNx2dTDtT9fOpWwlzyj4uOOw==
  dependencies:
    asn1 "^0.2.4"
    bcrypt-pbkdf "^1.0.2"
  optionalDependencies:
    cpu-features "~0.0.4"
    nan "^2.16.0"

tweetnacl@^0.14.3:
  version "0.14.5"
  resolved "https://registry.npmmirror.com/tweetnacl/-/tweetnacl-0.14.5.tgz#5ae68177f192d4456269d108afa93ff8743f4f64"
  integrity sha512-KXXFFdAbFXY4geFIwoyNK+f5Z1b7swfXABfL7HXCmoIWMKU3dmS26672A4EeQtDzLKy7SXmfBu51JolvEKwtGA==

userkey@^1.0.3:
  version "1.0.3"
  resolved "https://registry.npmmirror.com/userkey/-/userkey-1.0.3.tgz#37e43b41cee88e216c3c1ada6fb88f445987943f"
  integrity sha512-OfRT/csEmNJZ/CozXvERY7jn7h7lt8yzD/00s5XeItx3I0P0AQCZfUY0Wk3dcc4EGXTkrC93wK941C9r3Ga2Jg==
